<?xml version="1.0" encoding="utf-8"?>
<Project ToolsVersion="4.0" xmlns="http://schemas.microsoft.com/developer/msbuild/2003">
  <ItemGroup>
    <Filter Include="Include">
      <UniqueIdentifier>{4d71051b-1878-4eec-b5f3-c10ed18bf1ed}</UniqueIdentifier>
    </Filter>
    <Filter Include="Source">
      <UniqueIdentifier>{cd05839b-cf82-42d9-8c45-f212e33fdcfd}</UniqueIdentifier>
    </Filter>
  </ItemGroup>
  <ItemGroup>
    <ClInclude Include="Include\AllHeaders.h">
      <Filter>Include</Filter>
    </ClInclude>
    <ClInclude Include="Include\TimeStepCalculator.h">
      <Filter>Include</Filter>
    </ClInclude>
    <ClInclude Include="Include\Intersection.h">
      <Filter>Include</Filter>
    </ClInclude>
    <ClInclude Include="Include\Intersection.hpp">
      <Filter>Include</Filter>
    </ClInclude>
    <ClInclude Include="Include\AllHpps.h">
      <Filter>Include</Filter>
    </ClInclude>
    <ClInclude Include="Include\TestPhysics.h">
      <Filter>Include</Filter>
    </ClInclude>
    <ClInclude Include="Include\CollisionShape.h">
      <Filter>Include</Filter>
    </ClInclude>
    <ClInclude Include="Include\PhysicsWorld.h">
      <Filter>Include</Filter>
    </ClInclude>
    <ClInclude Include="Include\PhysicsObjectPool.h">
      <Filter>Include</Filter>
    </ClInclude>
    <ClInclude Include="Include\PhysicsCommon.h">
      <Filter>Include</Filter>
    </ClInclude>
    <ClInclude Include="Include\ConstraintSolver.h">
      <Filter>Include</Filter>
    </ClInclude>
  </ItemGroup>
  <ItemGroup>
    <ClCompile Include="Source\TimeStepCalculator.cpp">
      <Filter>Source</Filter>
    </ClCompile>
    <ClCompile Include="Source\_UnityBuild.cpp">
      <Filter>Source</Filter>
    </ClCompile>
    <ClCompile Include="Source\Intersection.cpp">
      <Filter>Source</Filter>
    </ClCompile>
    <ClCompile Include="Source\TestPhysics.cpp">
      <Filter>Source</Filter>
    </ClCompile>
    <ClCompile Include="Source\CollisionShape.cpp">
      <Filter>Source</Filter>
    </ClCompile>
    <ClCompile Include="Source\PhysicsWorld.cpp">
      <Filter>Source</Filter>
    </ClCompile>
    <ClCompile Include="Source\ConstraintSolver.cpp">
      <Filter>Source</Filter>
    </ClCompile>
  </ItemGroup>
  <ItemGroup>
    <Natvis Include="MintPhysics.natvis" />
  </ItemGroup>
</Project>