<?xml version="1.0" encoding="utf-8"?>
<Project ToolsVersion="4.0" xmlns="http://schemas.microsoft.com/developer/msbuild/2003">
  <ItemGroup>
    <Filter Include="Include">
      <UniqueIdentifier>{75251be5-0f03-4823-aaaf-718438bb5f0c}</UniqueIdentifier>
    </Filter>
    <Filter Include="Source">
      <UniqueIdentifier>{f15620bd-b12f-43d2-b725-0a008648e75b}</UniqueIdentifier>
    </Filter>
  </ItemGroup>
  <ItemGroup>
    <ClInclude Include="$(MSBuildThisFileDirectory)FsCommon\Include\Logger.h">
      <Filter>Include</Filter>
    </ClInclude>
    <ClInclude Include="$(MSBuildThisFileDirectory)FsCommon\Include\CommonDefinitions.h">
      <Filter>Include</Filter>
    </ClInclude>
    <ClInclude Include="$(MSBuildThisFileDirectory)stdafx.h" />
  </ItemGroup>
  <ItemGroup>
    <ClCompile Include="$(MSBuildThisFileDirectory)FsCommon\Source\Logger.cpp">
      <Filter>Source</Filter>
    </ClCompile>
  </ItemGroup>
</Project>