
Microsoft Visual Studio Solution File, Format Version 12.00
# Visual Studio Version 17
VisualStudioVersion = 17.3.32819.101
MinimumVisualStudioVersion = 10.0.40219.1
Project("{8BC9CEB8-8B4A-11D0-8D11-00A0C91BC942}") = "MintLibrary", "MintLibrary\MintLibrary.vcxproj", "{EB56A391-E5F8-4065-8F48-60333641A232}"
	ProjectSection(ProjectDependencies) = postProject
		{837C9D1F-D52B-43B8-AA39-6900B21BEBCF} = {837C9D1F-D52B-43B8-AA39-6900B21BEBCF}
		{0869F124-8534-423E-8221-F15CB19C17DD} = {0869F124-8534-423E-8221-F15CB19C17DD}
		{2386002C-4036-4DF9-8E17-31BB497EC3A4} = {2386002C-4036-4DF9-8E17-31BB497EC3A4}
		{0152168D-27A5-4C7D-BE25-1310B5C023C9} = {0152168D-27A5-4C7D-BE25-1310B5C023C9}
		{AEC380B7-4D57-424B-A65D-2F0F02B95D50} = {AEC380B7-4D57-424B-A65D-2F0F02B95D50}
		{CB8B86B8-2DBD-4F5F-A98F-A8BC70B7726C} = {CB8B86B8-2DBD-4F5F-A98F-A8BC70B7726C}
	EndProjectSection
EndProject
Project("{8BC9CEB8-8B4A-11D0-8D11-00A0C91BC942}") = "MintLibraryTest", "MintLibraryTest\MintLibraryTest.vcxproj", "{B3A90135-D496-4C03-A8C8-74DD1A35F9E2}"
EndProject
Project("{8BC9CEB8-8B4A-11D0-8D11-00A0C91BC942}") = "MintMath", "MintMath\MintMath.vcxproj", "{0869F124-8534-423E-8221-F15CB19C17DD}"
EndProject
Project("{8BC9CEB8-8B4A-11D0-8D11-00A0C91BC942}") = "MintContainer", "MintContainer\MintContainer.vcxproj", "{0152168D-27A5-4C7D-BE25-1310B5C023C9}"
EndProject
Project("{8BC9CEB8-8B4A-11D0-8D11-00A0C91BC942}") = "MintPlatform", "MintPlatform\MintPlatform.vcxproj", "{CB8B86B8-2DBD-4F5F-A98F-A8BC70B7726C}"
EndProject
Project("{8BC9CEB8-8B4A-11D0-8D11-00A0C91BC942}") = "MintGame", "MintGame\MintGame.vcxproj", "{4D507120-3FF8-4F58-BCD9-DB6F72CD014D}"
EndProject
Project("{8BC9CEB8-8B4A-11D0-8D11-00A0C91BC942}") = "MintLanguage", "MintLanguage\MintLanguage.vcxproj", "{2386002C-4036-4DF9-8E17-31BB497EC3A4}"
EndProject
Project("{8BC9CEB8-8B4A-11D0-8D11-00A0C91BC942}") = "MintReflection", "MintReflection\MintReflection.vcxproj", "{837C9D1F-D52B-43B8-AA39-6900B21BEBCF}"
EndProject
Project("{8BC9CEB8-8B4A-11D0-8D11-00A0C91BC942}") = "MintCommon", "MintCommon\MintCommon.vcxproj", "{6AD298C4-CC66-44CA-8FDD-8F9390DDEE5A}"
EndProject
Project("{8BC9CEB8-8B4A-11D0-8D11-00A0C91BC942}") = "MintPhysics", "MintPhysics\MintPhysics.vcxproj", "{B4C9E234-D622-434D-A085-ACF5B2262E68}"
EndProject
Project("{8BC9CEB8-8B4A-11D0-8D11-00A0C91BC942}") = "MintAudio", "MintAudio\MintAudio.vcxproj", "{53A46C4E-836F-4C83-AF5A-BF2036BB8CFD}"
EndProject
Project("{8BC9CEB8-8B4A-11D0-8D11-00A0C91BC942}") = "MintGUI", "MintGUI\MintGUI.vcxproj", "{39ABE905-EBB8-469E-998E-54DCE995BA4F}"
EndProject
Project("{8BC9CEB8-8B4A-11D0-8D11-00A0C91BC942}") = "MintApp", "MintApp\MintApp.vcxproj", "{9C51049C-21C0-481C-87E9-AA5E3633C6EF}"
EndProject
Project("{8BC9CEB8-8B4A-11D0-8D11-00A0C91BC942}") = "MintRendering", "MintRendering\MintRendering.vcxproj", "{AEC380B7-4D57-424B-A65D-2F0F02B95D50}"
EndProject
Global
	GlobalSection(SolutionConfigurationPlatforms) = preSolution
		Debug|x64 = Debug|x64
		Debug|x86 = Debug|x86
		Release|x64 = Release|x64
		Release|x86 = Release|x86
	EndGlobalSection
	GlobalSection(ProjectConfigurationPlatforms) = postSolution
		{EB56A391-E5F8-4065-8F48-60333641A232}.Debug|x64.ActiveCfg = Debug|x64
		{EB56A391-E5F8-4065-8F48-60333641A232}.Debug|x64.Build.0 = Debug|x64
		{EB56A391-E5F8-4065-8F48-60333641A232}.Debug|x86.ActiveCfg = Debug|Win32
		{EB56A391-E5F8-4065-8F48-60333641A232}.Debug|x86.Build.0 = Debug|Win32
		{EB56A391-E5F8-4065-8F48-60333641A232}.Release|x64.ActiveCfg = Release|x64
		{EB56A391-E5F8-4065-8F48-60333641A232}.Release|x64.Build.0 = Release|x64
		{EB56A391-E5F8-4065-8F48-60333641A232}.Release|x86.ActiveCfg = Release|Win32
		{EB56A391-E5F8-4065-8F48-60333641A232}.Release|x86.Build.0 = Release|Win32
		{B3A90135-D496-4C03-A8C8-74DD1A35F9E2}.Debug|x64.ActiveCfg = Debug|x64
		{B3A90135-D496-4C03-A8C8-74DD1A35F9E2}.Debug|x64.Build.0 = Debug|x64
		{B3A90135-D496-4C03-A8C8-74DD1A35F9E2}.Debug|x86.ActiveCfg = Debug|Win32
		{B3A90135-D496-4C03-A8C8-74DD1A35F9E2}.Debug|x86.Build.0 = Debug|Win32
		{B3A90135-D496-4C03-A8C8-74DD1A35F9E2}.Release|x64.ActiveCfg = Release|x64
		{B3A90135-D496-4C03-A8C8-74DD1A35F9E2}.Release|x64.Build.0 = Release|x64
		{B3A90135-D496-4C03-A8C8-74DD1A35F9E2}.Release|x86.ActiveCfg = Release|Win32
		{B3A90135-D496-4C03-A8C8-74DD1A35F9E2}.Release|x86.Build.0 = Release|Win32
		{0869F124-8534-423E-8221-F15CB19C17DD}.Debug|x64.ActiveCfg = Debug|x64
		{0869F124-8534-423E-8221-F15CB19C17DD}.Debug|x64.Build.0 = Debug|x64
		{0869F124-8534-423E-8221-F15CB19C17DD}.Debug|x86.ActiveCfg = Debug|Win32
		{0869F124-8534-423E-8221-F15CB19C17DD}.Debug|x86.Build.0 = Debug|Win32
		{0869F124-8534-423E-8221-F15CB19C17DD}.Release|x64.ActiveCfg = Release|x64
		{0869F124-8534-423E-8221-F15CB19C17DD}.Release|x64.Build.0 = Release|x64
		{0869F124-8534-423E-8221-F15CB19C17DD}.Release|x86.ActiveCfg = Release|Win32
		{0869F124-8534-423E-8221-F15CB19C17DD}.Release|x86.Build.0 = Release|Win32
		{0152168D-27A5-4C7D-BE25-1310B5C023C9}.Debug|x64.ActiveCfg = Debug|x64
		{0152168D-27A5-4C7D-BE25-1310B5C023C9}.Debug|x64.Build.0 = Debug|x64
		{0152168D-27A5-4C7D-BE25-1310B5C023C9}.Debug|x86.ActiveCfg = Debug|Win32
		{0152168D-27A5-4C7D-BE25-1310B5C023C9}.Debug|x86.Build.0 = Debug|Win32
		{0152168D-27A5-4C7D-BE25-1310B5C023C9}.Release|x64.ActiveCfg = Release|x64
		{0152168D-27A5-4C7D-BE25-1310B5C023C9}.Release|x64.Build.0 = Release|x64
		{0152168D-27A5-4C7D-BE25-1310B5C023C9}.Release|x86.ActiveCfg = Release|Win32
		{0152168D-27A5-4C7D-BE25-1310B5C023C9}.Release|x86.Build.0 = Release|Win32
		{CB8B86B8-2DBD-4F5F-A98F-A8BC70B7726C}.Debug|x64.ActiveCfg = Debug|x64
		{CB8B86B8-2DBD-4F5F-A98F-A8BC70B7726C}.Debug|x64.Build.0 = Debug|x64
		{CB8B86B8-2DBD-4F5F-A98F-A8BC70B7726C}.Debug|x86.ActiveCfg = Debug|Win32
		{CB8B86B8-2DBD-4F5F-A98F-A8BC70B7726C}.Debug|x86.Build.0 = Debug|Win32
		{CB8B86B8-2DBD-4F5F-A98F-A8BC70B7726C}.Release|x64.ActiveCfg = Release|x64
		{CB8B86B8-2DBD-4F5F-A98F-A8BC70B7726C}.Release|x64.Build.0 = Release|x64
		{CB8B86B8-2DBD-4F5F-A98F-A8BC70B7726C}.Release|x86.ActiveCfg = Release|Win32
		{CB8B86B8-2DBD-4F5F-A98F-A8BC70B7726C}.Release|x86.Build.0 = Release|Win32
		{4D507120-3FF8-4F58-BCD9-DB6F72CD014D}.Debug|x64.ActiveCfg = Debug|x64
		{4D507120-3FF8-4F58-BCD9-DB6F72CD014D}.Debug|x64.Build.0 = Debug|x64
		{4D507120-3FF8-4F58-BCD9-DB6F72CD014D}.Debug|x86.ActiveCfg = Debug|Win32
		{4D507120-3FF8-4F58-BCD9-DB6F72CD014D}.Debug|x86.Build.0 = Debug|Win32
		{4D507120-3FF8-4F58-BCD9-DB6F72CD014D}.Release|x64.ActiveCfg = Release|x64
		{4D507120-3FF8-4F58-BCD9-DB6F72CD014D}.Release|x64.Build.0 = Release|x64
		{4D507120-3FF8-4F58-BCD9-DB6F72CD014D}.Release|x86.ActiveCfg = Release|Win32
		{4D507120-3FF8-4F58-BCD9-DB6F72CD014D}.Release|x86.Build.0 = Release|Win32
		{2386002C-4036-4DF9-8E17-31BB497EC3A4}.Debug|x64.ActiveCfg = Debug|x64
		{2386002C-4036-4DF9-8E17-31BB497EC3A4}.Debug|x64.Build.0 = Debug|x64
		{2386002C-4036-4DF9-8E17-31BB497EC3A4}.Debug|x86.ActiveCfg = Debug|Win32
		{2386002C-4036-4DF9-8E17-31BB497EC3A4}.Debug|x86.Build.0 = Debug|Win32
		{2386002C-4036-4DF9-8E17-31BB497EC3A4}.Release|x64.ActiveCfg = Release|x64
		{2386002C-4036-4DF9-8E17-31BB497EC3A4}.Release|x64.Build.0 = Release|x64
		{2386002C-4036-4DF9-8E17-31BB497EC3A4}.Release|x86.ActiveCfg = Release|Win32
		{2386002C-4036-4DF9-8E17-31BB497EC3A4}.Release|x86.Build.0 = Release|Win32
		{837C9D1F-D52B-43B8-AA39-6900B21BEBCF}.Debug|x64.ActiveCfg = Debug|x64
		{837C9D1F-D52B-43B8-AA39-6900B21BEBCF}.Debug|x64.Build.0 = Debug|x64
		{837C9D1F-D52B-43B8-AA39-6900B21BEBCF}.Debug|x86.ActiveCfg = Debug|Win32
		{837C9D1F-D52B-43B8-AA39-6900B21BEBCF}.Debug|x86.Build.0 = Debug|Win32
		{837C9D1F-D52B-43B8-AA39-6900B21BEBCF}.Release|x64.ActiveCfg = Release|x64
		{837C9D1F-D52B-43B8-AA39-6900B21BEBCF}.Release|x64.Build.0 = Release|x64
		{837C9D1F-D52B-43B8-AA39-6900B21BEBCF}.Release|x86.ActiveCfg = Release|Win32
		{837C9D1F-D52B-43B8-AA39-6900B21BEBCF}.Release|x86.Build.0 = Release|Win32
		{6AD298C4-CC66-44CA-8FDD-8F9390DDEE5A}.Debug|x64.ActiveCfg = Debug|x64
		{6AD298C4-CC66-44CA-8FDD-8F9390DDEE5A}.Debug|x64.Build.0 = Debug|x64
		{6AD298C4-CC66-44CA-8FDD-8F9390DDEE5A}.Debug|x86.ActiveCfg = Debug|Win32
		{6AD298C4-CC66-44CA-8FDD-8F9390DDEE5A}.Debug|x86.Build.0 = Debug|Win32
		{6AD298C4-CC66-44CA-8FDD-8F9390DDEE5A}.Release|x64.ActiveCfg = Release|x64
		{6AD298C4-CC66-44CA-8FDD-8F9390DDEE5A}.Release|x64.Build.0 = Release|x64
		{6AD298C4-CC66-44CA-8FDD-8F9390DDEE5A}.Release|x86.ActiveCfg = Release|Win32
		{6AD298C4-CC66-44CA-8FDD-8F9390DDEE5A}.Release|x86.Build.0 = Release|Win32
		{B4C9E234-D622-434D-A085-ACF5B2262E68}.Debug|x64.ActiveCfg = Debug|x64
		{B4C9E234-D622-434D-A085-ACF5B2262E68}.Debug|x64.Build.0 = Debug|x64
		{B4C9E234-D622-434D-A085-ACF5B2262E68}.Debug|x86.ActiveCfg = Debug|Win32
		{B4C9E234-D622-434D-A085-ACF5B2262E68}.Debug|x86.Build.0 = Debug|Win32
		{B4C9E234-D622-434D-A085-ACF5B2262E68}.Release|x64.ActiveCfg = Release|x64
		{B4C9E234-D622-434D-A085-ACF5B2262E68}.Release|x64.Build.0 = Release|x64
		{B4C9E234-D622-434D-A085-ACF5B2262E68}.Release|x86.ActiveCfg = Release|Win32
		{B4C9E234-D622-434D-A085-ACF5B2262E68}.Release|x86.Build.0 = Release|Win32
		{53A46C4E-836F-4C83-AF5A-BF2036BB8CFD}.Debug|x64.ActiveCfg = Debug|x64
		{53A46C4E-836F-4C83-AF5A-BF2036BB8CFD}.Debug|x64.Build.0 = Debug|x64
		{53A46C4E-836F-4C83-AF5A-BF2036BB8CFD}.Debug|x86.ActiveCfg = Debug|Win32
		{53A46C4E-836F-4C83-AF5A-BF2036BB8CFD}.Debug|x86.Build.0 = Debug|Win32
		{53A46C4E-836F-4C83-AF5A-BF2036BB8CFD}.Release|x64.ActiveCfg = Release|x64
		{53A46C4E-836F-4C83-AF5A-BF2036BB8CFD}.Release|x64.Build.0 = Release|x64
		{53A46C4E-836F-4C83-AF5A-BF2036BB8CFD}.Release|x86.ActiveCfg = Release|Win32
		{53A46C4E-836F-4C83-AF5A-BF2036BB8CFD}.Release|x86.Build.0 = Release|Win32
		{39ABE905-EBB8-469E-998E-54DCE995BA4F}.Debug|x64.ActiveCfg = Debug|x64
		{39ABE905-EBB8-469E-998E-54DCE995BA4F}.Debug|x64.Build.0 = Debug|x64
		{39ABE905-EBB8-469E-998E-54DCE995BA4F}.Debug|x86.ActiveCfg = Debug|Win32
		{39ABE905-EBB8-469E-998E-54DCE995BA4F}.Debug|x86.Build.0 = Debug|Win32
		{39ABE905-EBB8-469E-998E-54DCE995BA4F}.Release|x64.ActiveCfg = Release|x64
		{39ABE905-EBB8-469E-998E-54DCE995BA4F}.Release|x64.Build.0 = Release|x64
		{39ABE905-EBB8-469E-998E-54DCE995BA4F}.Release|x86.ActiveCfg = Release|Win32
		{39ABE905-EBB8-469E-998E-54DCE995BA4F}.Release|x86.Build.0 = Release|Win32
		{9C51049C-21C0-481C-87E9-AA5E3633C6EF}.Debug|x64.ActiveCfg = Debug|x64
		{9C51049C-21C0-481C-87E9-AA5E3633C6EF}.Debug|x64.Build.0 = Debug|x64
		{9C51049C-21C0-481C-87E9-AA5E3633C6EF}.Debug|x86.ActiveCfg = Debug|Win32
		{9C51049C-21C0-481C-87E9-AA5E3633C6EF}.Debug|x86.Build.0 = Debug|Win32
		{9C51049C-21C0-481C-87E9-AA5E3633C6EF}.Release|x64.ActiveCfg = Release|x64
		{9C51049C-21C0-481C-87E9-AA5E3633C6EF}.Release|x64.Build.0 = Release|x64
		{9C51049C-21C0-481C-87E9-AA5E3633C6EF}.Release|x86.ActiveCfg = Release|Win32
		{9C51049C-21C0-481C-87E9-AA5E3633C6EF}.Release|x86.Build.0 = Release|Win32
		{AEC380B7-4D57-424B-A65D-2F0F02B95D50}.Debug|x64.ActiveCfg = Debug|x64
		{AEC380B7-4D57-424B-A65D-2F0F02B95D50}.Debug|x64.Build.0 = Debug|x64
		{AEC380B7-4D57-424B-A65D-2F0F02B95D50}.Debug|x86.ActiveCfg = Debug|Win32
		{AEC380B7-4D57-424B-A65D-2F0F02B95D50}.Debug|x86.Build.0 = Debug|Win32
		{AEC380B7-4D57-424B-A65D-2F0F02B95D50}.Release|x64.ActiveCfg = Release|x64
		{AEC380B7-4D57-424B-A65D-2F0F02B95D50}.Release|x64.Build.0 = Release|x64
		{AEC380B7-4D57-424B-A65D-2F0F02B95D50}.Release|x86.ActiveCfg = Release|Win32
		{AEC380B7-4D57-424B-A65D-2F0F02B95D50}.Release|x86.Build.0 = Release|Win32
	EndGlobalSection
	GlobalSection(SolutionProperties) = preSolution
		HideSolutionNode = FALSE
	EndGlobalSection
	GlobalSection(ExtensibilityGlobals) = postSolution
		SolutionGuid = {BA48BC0D-D549-4215-8DFD-F4A37DF9EC2A}
	EndGlobalSection
EndGlobal
