<?xml version="1.0" encoding="utf-8"?>
<Project ToolsVersion="4.0" xmlns="http://schemas.microsoft.com/developer/msbuild/2003">
  <ItemGroup>
    <Filter Include="Include">
      <UniqueIdentifier>{50055697-3829-45d8-aecd-45e91a0e8700}</UniqueIdentifier>
    </Filter>
    <Filter Include="Source">
      <UniqueIdentifier>{f3a14e96-c0f6-4b44-9987-866c2a44b9ff}</UniqueIdentifier>
    </Filter>
  </ItemGroup>
  <ItemGroup>
    <ClInclude Include="Include\Reflection.h">
      <Filter>Include</Filter>
    </ClInclude>
    <ClInclude Include="Include\Reflection.hpp">
      <Filter>Include</Filter>
    </ClInclude>
  </ItemGroup>
  <ItemGroup>
    <ClCompile Include="Source\Reflection.cpp">
      <Filter>Source</Filter>
    </ClCompile>
  </ItemGroup>
</Project>