<?xml version="1.0" encoding="utf-8"?>
<Project ToolsVersion="4.0" xmlns="http://schemas.microsoft.com/developer/msbuild/2003">
  <ItemGroup>
    <Filter Include="Include">
      <UniqueIdentifier>{29b89c5a-3337-4506-a0cd-48446c57f09f}</UniqueIdentifier>
    </Filter>
    <Filter Include="Source">
      <UniqueIdentifier>{5a24f3ab-95a1-491d-8efd-41e45e6b0621}</UniqueIdentifier>
    </Filter>
  </ItemGroup>
  <ItemGroup>
    <ClInclude Include="Include\GUISystem.h">
      <Filter>Include</Filter>
    </ClInclude>
    <ClInclude Include="Include\AllHeaders.h">
      <Filter>Include</Filter>
    </ClInclude>
    <ClInclude Include="Include\GUIObject.h" />
  </ItemGroup>
  <ItemGroup>
    <ClCompile Include="Source\GUISystem.cpp">
      <Filter>Source</Filter>
    </ClCompile>
    <ClCompile Include="Source\_UnityBuild.cpp">
      <Filter>Source</Filter>
    </ClCompile>
    <ClCompile Include="Source\GUIObject.cpp" />
  </ItemGroup>
</Project>