<?xml version="1.0" encoding="utf-8"?>
<Project ToolsVersion="4.0" xmlns="http://schemas.microsoft.com/developer/msbuild/2003">
  <ItemGroup>
    <Filter Include="Include">
      <UniqueIdentifier>{a7911a5b-c940-4872-93c1-0546c0e4d303}</UniqueIdentifier>
    </Filter>
    <Filter Include="Source">
      <UniqueIdentifier>{fa3c7072-dc0b-43c8-b80c-c16a73076383}</UniqueIdentifier>
    </Filter>
  </ItemGroup>
  <ItemGroup>
    <ClInclude Include="Include\BinaryFile.h">
      <Filter>Include</Filter>
    </ClInclude>
    <ClInclude Include="Include\BinaryFile.hpp">
      <Filter>Include</Filter>
    </ClInclude>
    <ClInclude Include="Include\FileUtil.h">
      <Filter>Include</Filter>
    </ClInclude>
    <ClInclude Include="Include\FileUtil.hpp">
      <Filter>Include</Filter>
    </ClInclude>
    <ClInclude Include="Include\IFile.h">
      <Filter>Include</Filter>
    </ClInclude>
    <ClInclude Include="Include\AllHeaders.h">
      <Filter>Include</Filter>
    </ClInclude>
    <ClInclude Include="Include\TextFile.h">
      <Filter>Include</Filter>
    </ClInclude>
    <ClInclude Include="Include\PlatformCommon.h">
      <Filter>Include</Filter>
    </ClInclude>
    <ClInclude Include="Include\AllHpps.h">
      <Filter>Include</Filter>
    </ClInclude>
    <ClInclude Include="Include\InputContext.h">
      <Filter>Include</Filter>
    </ClInclude>
    <ClInclude Include="Include\Test.h">
      <Filter>Include</Filter>
    </ClInclude>
    <ClInclude Include="Include\Window.h">
      <Filter>Include</Filter>
    </ClInclude>
    <ClInclude Include="Include\XML.h">
      <Filter>Include</Filter>
    </ClInclude>
  </ItemGroup>
  <ItemGroup>
    <ClCompile Include="Source\BinaryFile.cpp">
      <Filter>Source</Filter>
    </ClCompile>
    <ClCompile Include="Source\TextFile.cpp">
      <Filter>Source</Filter>
    </ClCompile>
    <ClCompile Include="Source\_UnityBuild.cpp">
      <Filter>Source</Filter>
    </ClCompile>
    <ClCompile Include="Source\InputContext.cpp">
      <Filter>Source</Filter>
    </ClCompile>
    <ClCompile Include="Source\Test.cpp">
      <Filter>Source</Filter>
    </ClCompile>
    <ClCompile Include="Source\Window.cpp">
      <Filter>Source</Filter>
    </ClCompile>
    <ClCompile Include="Source\XML.cpp">
      <Filter>Source</Filter>
    </ClCompile>
  </ItemGroup>
  <ItemGroup>
    <Natvis Include="MintPlatform.natvis" />
  </ItemGroup>
</Project>