<?xml version="1.0" encoding="utf-8"?>
<Project ToolsVersion="4.0" xmlns="http://schemas.microsoft.com/developer/msbuild/2003">
  <ItemGroup>
    <Filter Include="Include">
      <UniqueIdentifier>{705e0b35-ab58-41f7-9d06-e24649a7e886}</UniqueIdentifier>
    </Filter>
    <Filter Include="Source">
      <UniqueIdentifier>{299a32cb-a780-4df6-a2e4-d30086cbe0c7}</UniqueIdentifier>
    </Filter>
    <Filter Include="Assets">
      <UniqueIdentifier>{304c60ee-9cb6-4c25-aa0b-6dd5b0279b54}</UniqueIdentifier>
    </Filter>
    <Filter Include="Assets\Hlsl">
      <UniqueIdentifier>{85352f1c-219c-4bd2-9cf2-c83503e9c461}</UniqueIdentifier>
    </Filter>
  </ItemGroup>
  <ItemGroup>
    <ClInclude Include="Include\IObjectComponent.h">
      <Filter>Include</Filter>
    </ClInclude>
    <ClInclude Include="Include\Object.h">
      <Filter>Include</Filter>
    </ClInclude>
    <ClInclude Include="Include\TransformComponent.h">
      <Filter>Include</Filter>
    </ClInclude>
    <ClInclude Include="Include\MeshComponent.h">
      <Filter>Include</Filter>
    </ClInclude>
    <ClInclude Include="Include\ObjectPool.h">
      <Filter>Include</Filter>
    </ClInclude>
    <ClInclude Include="Include\AllHeaders.h">
      <Filter>Include</Filter>
    </ClInclude>
    <ClInclude Include="Include\CameraObject.h">
      <Filter>Include</Filter>
    </ClInclude>
    <ClInclude Include="Include\MeshGenerator.h">
      <Filter>Include</Filter>
    </ClInclude>
    <ClInclude Include="Include\MeshRenderer.h">
      <Filter>Include</Filter>
    </ClInclude>
    <ClInclude Include="Include\ObjectPool.hpp">
      <Filter>Include</Filter>
    </ClInclude>
    <ClInclude Include="Include\DeltaTimer.h">
      <Filter>Include</Filter>
    </ClInclude>
    <ClInclude Include="Include\AllHpps.h">
      <Filter>Include</Filter>
    </ClInclude>
    <ClInclude Include="Include\Plotter.h">
      <Filter>Include</Filter>
    </ClInclude>
    <ClInclude Include="Include\InstantRenderer.h">
      <Filter>Include</Filter>
    </ClInclude>
    <ClInclude Include="Include\MathExpRenderer.h">
      <Filter>Include</Filter>
    </ClInclude>
    <ClInclude Include="Include\SplineGenerator.h">
      <Filter>Include</Filter>
    </ClInclude>
  </ItemGroup>
  <ItemGroup>
    <ClCompile Include="Source\Object.cpp">
      <Filter>Source</Filter>
    </ClCompile>
    <ClCompile Include="Source\MeshComponent.cpp">
      <Filter>Source</Filter>
    </ClCompile>
    <ClCompile Include="Source\IObjectComponent.cpp">
      <Filter>Source</Filter>
    </ClCompile>
    <ClCompile Include="Source\CameraObject.cpp">
      <Filter>Source</Filter>
    </ClCompile>
    <ClCompile Include="Source\MeshGenerator.cpp">
      <Filter>Source</Filter>
    </ClCompile>
    <ClCompile Include="Source\MeshRenderer.cpp">
      <Filter>Source</Filter>
    </ClCompile>
    <ClCompile Include="Source\DeltaTimer.cpp">
      <Filter>Source</Filter>
    </ClCompile>
    <ClCompile Include="Source\Plotter.cpp">
      <Filter>Source</Filter>
    </ClCompile>
    <ClCompile Include="Source\InstantRenderer.cpp">
      <Filter>Source</Filter>
    </ClCompile>
    <ClCompile Include="Source\_UnityBuild.cpp">
      <Filter>Source</Filter>
    </ClCompile>
    <ClCompile Include="Source\MathExpRenderer.cpp">
      <Filter>Source</Filter>
    </ClCompile>
    <ClCompile Include="Source\SplineGenerator.cpp">
      <Filter>Source</Filter>
    </ClCompile>
  </ItemGroup>
  <ItemGroup>
    <FxCompile Include="..\Assets\Hlsl\VsDefault.hlsl">
      <Filter>Assets\Hlsl</Filter>
    </FxCompile>
    <FxCompile Include="..\Assets\Hlsl\PsDefault.hlsl">
      <Filter>Assets\Hlsl</Filter>
    </FxCompile>
    <FxCompile Include="..\Assets\Hlsl\GsNormal.hlsl">
      <Filter>Assets\Hlsl</Filter>
    </FxCompile>
    <FxCompile Include="..\Assets\Hlsl\PsTexCoordAsColor.hlsl">
      <Filter>Assets\Hlsl</Filter>
    </FxCompile>
    <FxCompile Include="..\Assets\Hlsl\GsTriangleEdge.hlsl">
      <Filter>Assets\Hlsl</Filter>
    </FxCompile>
    <FxCompile Include="..\Assets\Hlsl\PsColor.hlsl">
      <Filter>Assets\Hlsl</Filter>
    </FxCompile>
  </ItemGroup>
  <ItemGroup>
    <None Include="Include\Object.inl">
      <Filter>Include</Filter>
    </None>
  </ItemGroup>
</Project>