<?xml version="1.0" encoding="utf-8"?>
<Project ToolsVersion="4.0" xmlns="http://schemas.microsoft.com/developer/msbuild/2003">
  <ItemGroup>
    <Filter Include="Include">
      <UniqueIdentifier>{23a36b27-ab46-41ae-b21c-eade8cf66731}</UniqueIdentifier>
    </Filter>
    <Filter Include="Source">
      <UniqueIdentifier>{3d5693c6-ad40-43e0-82d9-15bc53da638f}</UniqueIdentifier>
    </Filter>
    <Filter Include="Include\Language">
      <UniqueIdentifier>{80dbbf42-4860-4cfb-b2d6-0d7e24ce5a7a}</UniqueIdentifier>
    </Filter>
    <Filter Include="Source\Language">
      <UniqueIdentifier>{defe00fb-a822-402c-9509-712cdebd06c3}</UniqueIdentifier>
    </Filter>
    <Filter Include="Assets">
      <UniqueIdentifier>{8569bdf1-fd70-4ad8-8105-57184550e826}</UniqueIdentifier>
    </Filter>
    <Filter Include="Assets\CppHlsl">
      <UniqueIdentifier>{ba152108-72e8-49ec-879a-8e468507b31f}</UniqueIdentifier>
    </Filter>
  </ItemGroup>
  <ItemGroup>
    <ClInclude Include="Include\DxResource.h">
      <Filter>Include</Filter>
    </ClInclude>
    <ClInclude Include="Include\DxShader.h">
      <Filter>Include</Filter>
    </ClInclude>
    <ClInclude Include="Include\DxShaderHeaderMemory.h">
      <Filter>Include</Filter>
    </ClInclude>
    <ClInclude Include="Include\FontRendererContext.h">
      <Filter>Include</Filter>
    </ClInclude>
    <ClInclude Include="Include\GraphicDevice.h">
      <Filter>Include</Filter>
    </ClInclude>
    <ClInclude Include="Include\IDxObject.h">
      <Filter>Include</Filter>
    </ClInclude>
    <ClInclude Include="Include\IRendererContext.h">
      <Filter>Include</Filter>
    </ClInclude>
    <ClInclude Include="Include\RectangleRendererContext.h">
      <Filter>Include</Filter>
    </ClInclude>
    <ClInclude Include="Include\ShapeFontRendererContext.h">
      <Filter>Include</Filter>
    </ClInclude>
    <ClInclude Include="Include\ShapeRendererContext.h">
      <Filter>Include</Filter>
    </ClInclude>
    <ClInclude Include="Include\RenderingBaseCommon.h">
      <Filter>Include</Filter>
    </ClInclude>
    <ClInclude Include="Include\TriangleRenderer.h">
      <Filter>Include</Filter>
    </ClInclude>
    <ClInclude Include="Include\TriangleRenderer.hpp">
      <Filter>Include</Filter>
    </ClInclude>
    <ClInclude Include="Include\Language\CppHlsl.h">
      <Filter>Include\Language</Filter>
    </ClInclude>
    <ClInclude Include="Include\Language\CppHlslLexer.h">
      <Filter>Include\Language</Filter>
    </ClInclude>
    <ClInclude Include="Include\Language\CppHlslParser.h">
      <Filter>Include\Language</Filter>
    </ClInclude>
    <ClInclude Include="Include\Language\CppHlslTypes.h">
      <Filter>Include\Language</Filter>
    </ClInclude>
    <ClInclude Include="Include\Language\ILexer.h">
      <Filter>Include\Language</Filter>
    </ClInclude>
    <ClInclude Include="Include\Language\IParser.h">
      <Filter>Include\Language</Filter>
    </ClInclude>
    <ClInclude Include="Include\Language\Language.h">
      <Filter>Include\Language</Filter>
    </ClInclude>
    <ClInclude Include="Include\Language\LanguageCommon.h">
      <Filter>Include\Language</Filter>
    </ClInclude>
    <ClInclude Include="Include\Language\Tokenizer.h">
      <Filter>Include\Language</Filter>
    </ClInclude>
    <ClInclude Include="..\Assets\CppHlsl\CppHlslConstantBuffers.h">
      <Filter>Assets\CppHlsl</Filter>
    </ClInclude>
    <ClInclude Include="..\Assets\CppHlsl\CppHlslStreamData.h">
      <Filter>Assets\CppHlsl</Filter>
    </ClInclude>
    <ClInclude Include="..\Assets\CppHlsl\CppHlslStructuredBuffers.h">
      <Filter>Assets\CppHlsl</Filter>
    </ClInclude>
    <ClInclude Include="Include\GuiCommon.h">
      <Filter>Include</Filter>
    </ClInclude>
    <ClInclude Include="Include\GuiContext.h">
      <Filter>Include</Filter>
    </ClInclude>
  </ItemGroup>
  <ItemGroup>
    <None Include="Include\GraphicDevice.inl">
      <Filter>Include</Filter>
    </None>
    <None Include="Include\IRendererContext.inl">
      <Filter>Include</Filter>
    </None>
    <None Include="Include\Language\CppHlslParser.inl">
      <Filter>Include\Language</Filter>
    </None>
    <None Include="Include\Language\ILexer.inl">
      <Filter>Include\Language</Filter>
    </None>
    <None Include="Include\Language\IParser.inl">
      <Filter>Include\Language</Filter>
    </None>
    <None Include="Include\Language\LanguageCommon.inl">
      <Filter>Include\Language</Filter>
    </None>
    <None Include="Include\GuiContext.inl">
      <Filter>Include</Filter>
    </None>
  </ItemGroup>
  <ItemGroup>
    <ClCompile Include="Source\DxResource.cpp">
      <Filter>Source</Filter>
    </ClCompile>
    <ClCompile Include="Source\DxShader.cpp">
      <Filter>Source</Filter>
    </ClCompile>
    <ClCompile Include="Source\DxShaderHeaderMemory.cpp">
      <Filter>Source</Filter>
    </ClCompile>
    <ClCompile Include="Source\FontRendererContext.cpp">
      <Filter>Source</Filter>
    </ClCompile>
    <ClCompile Include="Source\GraphicDevice.cpp">
      <Filter>Source</Filter>
    </ClCompile>
    <ClCompile Include="Source\IDxObject.cpp">
      <Filter>Source</Filter>
    </ClCompile>
    <ClCompile Include="Source\RectangleRendererContext.cpp">
      <Filter>Source</Filter>
    </ClCompile>
    <ClCompile Include="Source\ShapeFontRendererContext.cpp">
      <Filter>Source</Filter>
    </ClCompile>
    <ClCompile Include="Source\ShapeRendererContext.cpp">
      <Filter>Source</Filter>
    </ClCompile>
    <ClCompile Include="Source\Language\CppHlsl.cpp">
      <Filter>Source\Language</Filter>
    </ClCompile>
    <ClCompile Include="Source\Language\CppHlslLexer.cpp">
      <Filter>Source\Language</Filter>
    </ClCompile>
    <ClCompile Include="Source\Language\CppHlslParser.cpp">
      <Filter>Source\Language</Filter>
    </ClCompile>
    <ClCompile Include="Source\Language\ILexer.cpp">
      <Filter>Source\Language</Filter>
    </ClCompile>
    <ClCompile Include="Source\Language\IParser.cpp">
      <Filter>Source\Language</Filter>
    </ClCompile>
    <ClCompile Include="Source\Language\Tokenizer.cpp">
      <Filter>Source\Language</Filter>
    </ClCompile>
    <ClCompile Include="Source\GuiContext.cpp">
      <Filter>Source</Filter>
    </ClCompile>
  </ItemGroup>
</Project>