<?xml version="1.0" encoding="utf-8"?>
<Project ToolsVersion="4.0" xmlns="http://schemas.microsoft.com/developer/msbuild/2003">
  <ItemGroup>
    <Filter Include="Include">
      <UniqueIdentifier>{6c977326-3e31-4f48-9336-802ef0dd1443}</UniqueIdentifier>
    </Filter>
    <Filter Include="Source">
      <UniqueIdentifier>{e385fb3f-ca1a-43ae-af8e-0d1de9575c3e}</UniqueIdentifier>
    </Filter>
  </ItemGroup>
  <ItemGroup>
    <ClInclude Include="Include\Float2.h">
      <Filter>Include</Filter>
    </ClInclude>
    <ClInclude Include="Include\Float2x2.h">
      <Filter>Include</Filter>
    </ClInclude>
    <ClInclude Include="Include\Float3.h">
      <Filter>Include</Filter>
    </ClInclude>
    <ClInclude Include="Include\Float3x3.h">
      <Filter>Include</Filter>
    </ClInclude>
    <ClInclude Include="Include\Float4.h">
      <Filter>Include</Filter>
    </ClInclude>
    <ClInclude Include="Include\Float4x4.h">
      <Filter>Include</Filter>
    </ClInclude>
    <ClInclude Include="Include\Int2.h">
      <Filter>Include</Filter>
    </ClInclude>
    <ClInclude Include="Include\AllHeaders.h">
      <Filter>Include</Filter>
    </ClInclude>
    <ClInclude Include="Include\MathCommon.h">
      <Filter>Include</Filter>
    </ClInclude>
    <ClInclude Include="Include\Quaternion.h">
      <Filter>Include</Filter>
    </ClInclude>
    <ClInclude Include="Include\Rect.h">
      <Filter>Include</Filter>
    </ClInclude>
    <ClInclude Include="Include\Matrix.h">
      <Filter>Include</Filter>
    </ClInclude>
    <ClInclude Include="Include\Matrix.hpp">
      <Filter>Include</Filter>
    </ClInclude>
    <ClInclude Include="Include\VectorR.h">
      <Filter>Include</Filter>
    </ClInclude>
    <ClInclude Include="Include\VectorR.hpp">
      <Filter>Include</Filter>
    </ClInclude>
    <ClInclude Include="Include\AllHpps.h">
      <Filter>Include</Filter>
    </ClInclude>
    <ClInclude Include="Include\Easing.h">
      <Filter>Include</Filter>
    </ClInclude>
    <ClInclude Include="Include\Quaternion.inl">
      <Filter>Include</Filter>
    </ClInclude>
    <ClInclude Include="Include\AffineVec.h">
      <Filter>Include</Filter>
    </ClInclude>
    <ClInclude Include="Include\AffineMat.h">
      <Filter>Include</Filter>
    </ClInclude>
  </ItemGroup>
  <ItemGroup>
    <ClCompile Include="Source\Float2.cpp">
      <Filter>Source</Filter>
    </ClCompile>
    <ClCompile Include="Source\Float2x2.cpp">
      <Filter>Source</Filter>
    </ClCompile>
    <ClCompile Include="Source\Float3.cpp">
      <Filter>Source</Filter>
    </ClCompile>
    <ClCompile Include="Source\Float3x3.cpp">
      <Filter>Source</Filter>
    </ClCompile>
    <ClCompile Include="Source\Float4.cpp">
      <Filter>Source</Filter>
    </ClCompile>
    <ClCompile Include="Source\Float4x4.cpp">
      <Filter>Source</Filter>
    </ClCompile>
    <ClCompile Include="Source\Int2.cpp">
      <Filter>Source</Filter>
    </ClCompile>
    <ClCompile Include="Source\MathCommon.cpp">
      <Filter>Source</Filter>
    </ClCompile>
    <ClCompile Include="Source\_UnityBuild.cpp">
      <Filter>Source</Filter>
    </ClCompile>
    <ClCompile Include="Source\AffineVec.cpp">
      <Filter>Source</Filter>
    </ClCompile>
  </ItemGroup>
  <ItemGroup>
    <None Include="Include\Float4.inl">
      <Filter>Include</Filter>
    </None>
    <None Include="Include\Float2.inl">
      <Filter>Include</Filter>
    </None>
    <None Include="Include\Float3.inl">
      <Filter>Include</Filter>
    </None>
    <None Include="Include\Rect.inl">
      <Filter>Include</Filter>
    </None>
    <None Include="Include\Easing.inl">
      <Filter>Include</Filter>
    </None>
    <None Include="Include\AffineVec.inl">
      <Filter>Include</Filter>
    </None>
    <None Include="Include\AffineMat.inl">
      <Filter>Include</Filter>
    </None>
  </ItemGroup>
</Project>