<?xml version="1.0" encoding="utf-8"?>
<Project ToolsVersion="4.0" xmlns="http://schemas.microsoft.com/developer/msbuild/2003">
  <ItemGroup>
    <Filter Include="Include">
      <UniqueIdentifier>{162fe43e-1033-41d6-9f37-00f28641ec49}</UniqueIdentifier>
    </Filter>
    <Filter Include="Source">
      <UniqueIdentifier>{4dad44b6-cc1b-47cb-8298-f0a347912a7c}</UniqueIdentifier>
    </Filter>
  </ItemGroup>
  <ItemGroup>
    <ClInclude Include="Include\Entity.h">
      <Filter>Include</Filter>
    </ClInclude>
    <ClInclude Include="Include\EntityComponentPool.h">
      <Filter>Include</Filter>
    </ClInclude>
    <ClInclude Include="Include\EntityComponentPool.hpp">
      <Filter>Include</Filter>
    </ClInclude>
    <ClInclude Include="Include\Entity.hpp">
      <Filter>Include</Filter>
    </ClInclude>
    <ClInclude Include="Include\AllHeaders.h">
      <Filter>Include</Filter>
    </ClInclude>
    <ClInclude Include="Include\AllHpps.h">
      <Filter>Include</Filter>
    </ClInclude>
    <ClInclude Include="Include\TestECS.h">
      <Filter>Include</Filter>
    </ClInclude>
    <ClInclude Include="Include\EntityRegistry.h">
      <Filter>Include</Filter>
    </ClInclude>
    <ClInclude Include="Include\EntityRegistry.hpp">
      <Filter>Include</Filter>
    </ClInclude>
  </ItemGroup>
  <ItemGroup>
    <ClCompile Include="Source\_UnityBuild.cpp">
      <Filter>Source</Filter>
    </ClCompile>
    <ClCompile Include="Source\TestECS.cpp">
      <Filter>Source</Filter>
    </ClCompile>
  </ItemGroup>
</Project>