<?xml version="1.0" encoding="utf-8"?>
<Project ToolsVersion="4.0" xmlns="http://schemas.microsoft.com/developer/msbuild/2003">
  <ItemGroup>
    <Filter Include="Math">
      <UniqueIdentifier>{0bc6ab27-9203-40b9-a9cb-5bca14e7033a}</UniqueIdentifier>
    </Filter>
    <Filter Include="Platform">
      <UniqueIdentifier>{21646a4a-0761-4321-b377-9858c49492b4}</UniqueIdentifier>
    </Filter>
    <Filter Include="File">
      <UniqueIdentifier>{7df36888-f59b-464a-a537-15cbcbc67808}</UniqueIdentifier>
    </Filter>
    <Filter Include="Container">
      <UniqueIdentifier>{f4749e69-78fc-4420-b618-690bcce7fb83}</UniqueIdentifier>
    </Filter>
    <Filter Include="Logger">
      <UniqueIdentifier>{35fdc505-7235-4632-8c87-c1b9459b0074}</UniqueIdentifier>
    </Filter>
    <Filter Include="SimpleRendering">
      <UniqueIdentifier>{2e3b7e46-2951-4128-8cda-807ae810e0d6}</UniqueIdentifier>
    </Filter>
  </ItemGroup>
  <ItemGroup>
    <ClInclude Include="Math\Float2.h">
      <Filter>Math</Filter>
    </ClInclude>
    <ClInclude Include="Math\Float3.h">
      <Filter>Math</Filter>
    </ClInclude>
    <ClInclude Include="Math\Float4.h">
      <Filter>Math</Filter>
    </ClInclude>
    <ClInclude Include="Math\Int2.h">
      <Filter>Math</Filter>
    </ClInclude>
    <ClInclude Include="Math\MathCommon.h">
      <Filter>Math</Filter>
    </ClInclude>
    <ClInclude Include="File\BinaryFile.h">
      <Filter>File</Filter>
    </ClInclude>
    <ClInclude Include="File\FileUtil.h">
      <Filter>File</Filter>
    </ClInclude>
    <ClInclude Include="File\FileUtil.hpp">
      <Filter>File</Filter>
    </ClInclude>
    <ClInclude Include="File\IFile.h">
      <Filter>File</Filter>
    </ClInclude>
    <ClInclude Include="File\XmlFile.h">
      <Filter>File</Filter>
    </ClInclude>
    <ClInclude Include="Container\StaticArray.h">
      <Filter>Container</Filter>
    </ClInclude>
    <ClInclude Include="Platform\IWindow.h">
      <Filter>Platform</Filter>
    </ClInclude>
    <ClInclude Include="Platform\WindowsWindow.h">
      <Filter>Platform</Filter>
    </ClInclude>
    <ClInclude Include="CommonDefinitions.h" />
    <ClInclude Include="Container\StackHolder.h">
      <Filter>Container</Filter>
    </ClInclude>
    <ClInclude Include="Container\StackHolder.hpp">
      <Filter>Container</Filter>
    </ClInclude>
    <ClInclude Include="Container\ScopeString.h">
      <Filter>Container</Filter>
    </ClInclude>
    <ClInclude Include="Container\ScopeString.hpp">
      <Filter>Container</Filter>
    </ClInclude>
    <ClInclude Include="Container\BitVector.h">
      <Filter>Container</Filter>
    </ClInclude>
    <ClInclude Include="Container\BitVector.hpp">
      <Filter>Container</Filter>
    </ClInclude>
    <ClInclude Include="Container\UniqueString.h">
      <Filter>Container</Filter>
    </ClInclude>
    <ClInclude Include="Container\UniqueString.hpp">
      <Filter>Container</Filter>
    </ClInclude>
    <ClInclude Include="Container\StringUtil.h">
      <Filter>Container</Filter>
    </ClInclude>
    <ClInclude Include="Math\Float2x2.hpp">
      <Filter>Math</Filter>
    </ClInclude>
    <ClInclude Include="Math\Float2x2.h">
      <Filter>Math</Filter>
    </ClInclude>
    <ClInclude Include="Math\Float3x3.h">
      <Filter>Math</Filter>
    </ClInclude>
    <ClInclude Include="Math\Int2.hpp">
      <Filter>Math</Filter>
    </ClInclude>
    <ClInclude Include="stdafx.h" />
    <ClInclude Include="Math\Float3x3.hpp">
      <Filter>Math</Filter>
    </ClInclude>
    <ClInclude Include="Math\Float4x4.h">
      <Filter>Math</Filter>
    </ClInclude>
    <ClInclude Include="Assert.h" />
    <ClInclude Include="Math\Float2.hpp">
      <Filter>Math</Filter>
    </ClInclude>
    <ClInclude Include="Math\Float3.hpp">
      <Filter>Math</Filter>
    </ClInclude>
    <ClInclude Include="Math\Float4.hpp">
      <Filter>Math</Filter>
    </ClInclude>
    <ClInclude Include="Math\Float4x4.hpp">
      <Filter>Math</Filter>
    </ClInclude>
    <ClInclude Include="Math\Quaternion.h">
      <Filter>Math</Filter>
    </ClInclude>
    <ClInclude Include="Math\Quaternion.hpp">
      <Filter>Math</Filter>
    </ClInclude>
    <ClInclude Include="Logger\Logger.h">
      <Filter>Logger</Filter>
    </ClInclude>
    <ClInclude Include="Logger\Logger.hpp">
      <Filter>Logger</Filter>
    </ClInclude>
    <ClInclude Include="Math\Math.h">
      <Filter>Math</Filter>
    </ClInclude>
    <ClInclude Include="Platform\Platform.h">
      <Filter>Platform</Filter>
    </ClInclude>
    <ClInclude Include="FsLibrary.h" />
    <ClInclude Include="Container\Container.h">
      <Filter>Container</Filter>
    </ClInclude>
    <ClInclude Include="File\File.h">
      <Filter>File</Filter>
    </ClInclude>
    <ClInclude Include="SimpleRendering\GraphicDevice.h">
      <Filter>SimpleRendering</Filter>
    </ClInclude>
    <ClInclude Include="SimpleRendering\IRenderer.h">
      <Filter>SimpleRendering</Filter>
    </ClInclude>
    <ClInclude Include="SimpleRendering\RectangleRenderer.h">
      <Filter>SimpleRendering</Filter>
    </ClInclude>
    <ClInclude Include="SimpleRendering\DxShaderHeaderMemory.h">
      <Filter>SimpleRendering</Filter>
    </ClInclude>
  </ItemGroup>
  <ItemGroup>
    <ClCompile Include="File\BinaryFile.cpp">
      <Filter>File</Filter>
    </ClCompile>
    <ClCompile Include="File\XmlFile.cpp">
      <Filter>File</Filter>
    </ClCompile>
    <ClCompile Include="Platform\WindowsWindow.cpp">
      <Filter>Platform</Filter>
    </ClCompile>
    <ClCompile Include="SimpleRendering\GraphicDevice.cpp">
      <Filter>SimpleRendering</Filter>
    </ClCompile>
    <ClCompile Include="SimpleRendering\RectangleRenderer.cpp">
      <Filter>SimpleRendering</Filter>
    </ClCompile>
    <ClCompile Include="SimpleRendering\IRenderer.cpp">
      <Filter>SimpleRendering</Filter>
    </ClCompile>
    <ClCompile Include="SimpleRendering\DxShaderHeaderMemory.cpp">
      <Filter>SimpleRendering</Filter>
    </ClCompile>
  </ItemGroup>
</Project>