<?xml version="1.0" encoding="utf-8"?>
<Project ToolsVersion="4.0" xmlns="http://schemas.microsoft.com/developer/msbuild/2003">
  <ItemGroup>
    <Filter Include="Include">
      <UniqueIdentifier>{23a36b27-ab46-41ae-b21c-eade8cf66731}</UniqueIdentifier>
    </Filter>
    <Filter Include="Source">
      <UniqueIdentifier>{3d5693c6-ad40-43e0-82d9-15bc53da638f}</UniqueIdentifier>
    </Filter>
    <Filter Include="Assets">
      <UniqueIdentifier>{8569bdf1-fd70-4ad8-8105-57184550e826}</UniqueIdentifier>
    </Filter>
    <Filter Include="Assets\CppHlsl">
      <UniqueIdentifier>{ba152108-72e8-49ec-879a-8e468507b31f}</UniqueIdentifier>
    </Filter>
    <Filter Include="Include\CppHlsl">
      <UniqueIdentifier>{80dbbf42-4860-4cfb-b2d6-0d7e24ce5a7a}</UniqueIdentifier>
    </Filter>
    <Filter Include="Source\CppHlsl">
      <UniqueIdentifier>{defe00fb-a822-402c-9509-712cdebd06c3}</UniqueIdentifier>
    </Filter>
    <Filter Include="Source\GUI">
      <UniqueIdentifier>{e1cc7fd8-c15d-4f82-be33-76c921770f9a}</UniqueIdentifier>
    </Filter>
    <Filter Include="Include\GUI">
      <UniqueIdentifier>{83c1bdb0-bf77-4546-8c67-a8f1e58dcdfa}</UniqueIdentifier>
    </Filter>
  </ItemGroup>
  <ItemGroup>
    <ClInclude Include="Include\DxResource.h">
      <Filter>Include</Filter>
    </ClInclude>
    <ClInclude Include="Include\DxShader.h">
      <Filter>Include</Filter>
    </ClInclude>
    <ClInclude Include="Include\DxShaderHeaderMemory.h">
      <Filter>Include</Filter>
    </ClInclude>
    <ClInclude Include="Include\GraphicDevice.h">
      <Filter>Include</Filter>
    </ClInclude>
    <ClInclude Include="Include\IDxObject.h">
      <Filter>Include</Filter>
    </ClInclude>
    <ClInclude Include="Include\IRendererContext.h">
      <Filter>Include</Filter>
    </ClInclude>
    <ClInclude Include="Include\ShapeRendererContext.h">
      <Filter>Include</Filter>
    </ClInclude>
    <ClInclude Include="Include\RenderingBaseCommon.h">
      <Filter>Include</Filter>
    </ClInclude>
    <ClInclude Include="..\Assets\CppHlsl\CppHlslConstantBuffers.h">
      <Filter>Assets\CppHlsl</Filter>
    </ClInclude>
    <ClInclude Include="..\Assets\CppHlsl\CppHlslStreamData.h">
      <Filter>Assets\CppHlsl</Filter>
    </ClInclude>
    <ClInclude Include="..\Assets\CppHlsl\CppHlslStructuredBuffers.h">
      <Filter>Assets\CppHlsl</Filter>
    </ClInclude>
    <ClInclude Include="Include\AllHeaders.h">
      <Filter>Include</Filter>
    </ClInclude>
    <ClInclude Include="Include\AllHpps.h">
      <Filter>Include</Filter>
    </ClInclude>
    <ClInclude Include="Include\LowLevelRenderer.h">
      <Filter>Include</Filter>
    </ClInclude>
    <ClInclude Include="Include\LowLevelRenderer.hpp">
      <Filter>Include</Filter>
    </ClInclude>
    <ClInclude Include="Include\MeshData.h">
      <Filter>Include</Filter>
    </ClInclude>
    <ClInclude Include="Include\CppHlsl\Interpreter.h">
      <Filter>Include\CppHlsl</Filter>
    </ClInclude>
    <ClInclude Include="Include\CppHlsl\Lexer.h">
      <Filter>Include\CppHlsl</Filter>
    </ClInclude>
    <ClInclude Include="Include\CppHlsl\Parser.h">
      <Filter>Include\CppHlsl</Filter>
    </ClInclude>
    <ClInclude Include="Include\CppHlsl\CppHlslTypes.h">
      <Filter>Include\CppHlsl</Filter>
    </ClInclude>
    <ClInclude Include="Include\GUI\GUIContext.h">
      <Filter>Include\GUI</Filter>
    </ClInclude>
    <ClInclude Include="Include\FontLoader.h">
      <Filter>Include</Filter>
    </ClInclude>
    <ClInclude Include="Include\GUI\ControlData.h">
      <Filter>Include\GUI</Filter>
    </ClInclude>
    <ClInclude Include="Include\GUI\ControlData.hpp">
      <Filter>Include\GUI</Filter>
    </ClInclude>
    <ClInclude Include="Include\GUI\InteractionModules.h">
      <Filter>Include\GUI</Filter>
    </ClInclude>
    <ClInclude Include="Include\GUI\GUITheme.h">
      <Filter>Include\GUI</Filter>
    </ClInclude>
  </ItemGroup>
  <ItemGroup>
    <None Include="Include\GraphicDevice.inl">
      <Filter>Include</Filter>
    </None>
    <None Include="Include\IRendererContext.inl">
      <Filter>Include</Filter>
    </None>
    <None Include="Include\CppHlsl\Parser.inl">
      <Filter>Include\CppHlsl</Filter>
    </None>
  </ItemGroup>
  <ItemGroup>
    <ClCompile Include="Source\DxResource.cpp">
      <Filter>Source</Filter>
    </ClCompile>
    <ClCompile Include="Source\DxShader.cpp">
      <Filter>Source</Filter>
    </ClCompile>
    <ClCompile Include="Source\DxShaderHeaderMemory.cpp">
      <Filter>Source</Filter>
    </ClCompile>
    <ClCompile Include="Source\GraphicDevice.cpp">
      <Filter>Source</Filter>
    </ClCompile>
    <ClCompile Include="Source\IDxObject.cpp">
      <Filter>Source</Filter>
    </ClCompile>
    <ClCompile Include="Source\ShapeRendererContext.cpp">
      <Filter>Source</Filter>
    </ClCompile>
    <ClCompile Include="Source\IRendererContext.cpp">
      <Filter>Source</Filter>
    </ClCompile>
    <ClCompile Include="Source\MeshData.cpp">
      <Filter>Source</Filter>
    </ClCompile>
    <ClCompile Include="Source\RenderingBaseCommon.cpp">
      <Filter>Source</Filter>
    </ClCompile>
    <ClCompile Include="Source\CppHlsl\Interpreter.cpp">
      <Filter>Source\CppHlsl</Filter>
    </ClCompile>
    <ClCompile Include="Source\CppHlsl\Lexer.cpp">
      <Filter>Source\CppHlsl</Filter>
    </ClCompile>
    <ClCompile Include="Source\CppHlsl\Parser.cpp">
      <Filter>Source\CppHlsl</Filter>
    </ClCompile>
    <ClCompile Include="Source\_UnityBuild.cpp">
      <Filter>Source</Filter>
    </ClCompile>
    <ClCompile Include="Source\GUI\GUIContext.cpp">
      <Filter>Source\GUI</Filter>
    </ClCompile>
    <ClCompile Include="Source\FontLoader.cpp">
      <Filter>Source</Filter>
    </ClCompile>
    <ClCompile Include="Source\GUI\InteractionModules.cpp">
      <Filter>Source\GUI</Filter>
    </ClCompile>
  </ItemGroup>
</Project>